
Microsoft Visual Studio Solution File, Format Version 12.00
# Visual Studio Version 17
VisualStudioVersion = 17.1.31911.260
MinimumVisualStudioVersion = 10.0.40219.1
Project("{9A19103F-16F7-4668-BE54-9A1E7A4F7556}") = "MenuBiblioteka", "MenuBiblioteka\MenuBiblioteka.csproj", "{8A584BD1-0DAD-404C-ABEA-3238A8E97433}"
EndProject
Project("{9A19103F-16F7-4668-BE54-9A1E7A4F7556}") = "MenuTest", "CompositeTest\MenuTest.csproj", "{420663EE-1A94-46FF-BCAB-744E6F33737B}"
EndProject
Global
	GlobalSection(SolutionConfigurationPlatforms) = preSolution
		Debug|Any CPU = Debug|Any CPU
		Release|Any CPU = Release|Any CPU
	EndGlobalSection
	GlobalSection(ProjectConfigurationPlatforms) = postSolution
		{8A584BD1-0DAD-404C-ABEA-3238A8E97433}.Debug|Any CPU.ActiveCfg = Debug|Any CPU
		{8A584BD1-0DAD-404C-ABEA-3238A8E97433}.Debug|Any CPU.Build.0 = Debug|Any CPU
		{8A584BD1-0DAD-404C-ABEA-3238A8E97433}.Release|Any CPU.ActiveCfg = Release|Any CPU
		{8A584BD1-0DAD-404C-ABEA-3238A8E97433}.Release|Any CPU.Build.0 = Release|Any CPU
		{420663EE-1A94-46FF-BCAB-744E6F33737B}.Debug|Any CPU.ActiveCfg = Debug|Any CPU
		{420663EE-1A94-46FF-BCAB-744E6F33737B}.Debug|Any CPU.Build.0 = Debug|Any CPU
		{420663EE-1A94-46FF-BCAB-744E6F33737B}.Release|Any CPU.ActiveCfg = Release|Any CPU
		{420663EE-1A94-46FF-BCAB-744E6F33737B}.Release|Any CPU.Build.0 = Release|Any CPU
	EndGlobalSection
	GlobalSection(SolutionProperties) = preSolution
		HideSolutionNode = FALSE
	EndGlobalSection
	GlobalSection(ExtensibilityGlobals) = postSolution
		SolutionGuid = {73ACCD25-D699-41D3-9FEA-1E0F7C738244}
	EndGlobalSection
EndGlobal
